{
	"name": "@kaoscript/ast",
	"version": "0.7.0",
	"lockfileVersion": 1,
	"requires": true,
	"dependencies": {
		"@kaoscript/ast": {
			"version": "0.6.0",
			"resolved": "https://registry.npmjs.org/@kaoscript/ast/-/ast-0.6.0.tgz",
			"integrity": "sha1-ice9EUe2L4Q/Xc38OpOcYm4i93Y=",
			"dev": true
		},
		"@kaoscript/parser": {
			"version": "0.6.0",
			"resolved": "https://registry.npmjs.org/@kaoscript/parser/-/parser-0.6.0.tgz",
			"integrity": "sha1-bi0BW7Uh1JKM9uX2JM9LDrWZm+8=",
			"dev": true,
			"requires": {
				"@kaoscript/ast": "0.6.x"
			}
		},
		"@kaoscript/runtime": {
			"version": "0.5.3",
			"resolved": "https://registry.npmjs.org/@kaoscript/runtime/-/runtime-0.5.3.tgz",
			"integrity": "sha1-QiEnR3+E7IQ5tzCjbuzcxnNgz2w=",
			"dev": true
		},
		"commander": {
			"version": "2.9.0",
			"resolved": "https://registry.npmjs.org/commander/-/commander-2.9.0.tgz",
			"integrity": "sha1-nJkJQXbhIkDLItbFFGCYQA/g99Q=",
			"dev": true,
			"requires": {
				"graceful-readlink": ">= 1.0.0"
			}
		},
		"graceful-readlink": {
			"version": "1.0.1",
			"resolved": "https://registry.npmjs.org/graceful-readlink/-/graceful-readlink-1.0.1.tgz",
			"integrity": "sha1-TK+tdrxi8C+gObL5Tpo906ORpyU=",
			"dev": true
		},
		"kaoscript": {
			"version": "0.8.0",
			"resolved": "https://registry.npmjs.org/kaoscript/-/kaoscript-0.8.0.tgz",
			"integrity": "sha1-/1KIfvP/D0KZ5K/fs3EE8pvtHCM=",
			"dev": true,
			"requires": {
				"@kaoscript/ast": "0.6.x",
				"@kaoscript/parser": "0.6.x",
				"@kaoscript/runtime": "^0.5.3",
				"commander": "2.9.x"
			}
		}
	}
}
