{
	"name": "@kaoscript/ast",
	"version": "0.9.0",
	"lockfileVersion": 1,
	"requires": true,
	"dependencies": {
		"@kaoscript/runtime": {
			"version": "0.7.0",
			"resolved": "http://localhost:4873/@kaoscript%2fruntime/-/runtime-0.7.0.tgz",
			"integrity": "sha512-lPqeJLsGt/PS+CFGwf7CaukQdTwdZ4rrJXd+3k+/T3M4kUXBe/lDct2E3DbLT1902ASEdLHlZjScYtX1Q4UoFA==",
			"dev": true
		},
		"commander": {
			"version": "2.20.3",
			"resolved": "http://localhost:4873/commander/-/commander-2.20.3.tgz",
			"integrity": "sha512-GpVkmM8vF2vQUkj2LvZmD35JxeJOLCwJ9cUkugyk2nuhbv3+mJvpLYYt+0+USMxE+oj+ey/lJEnhZw75x/OMcQ==",
			"dev": true
		},
		"kaoscript": {
			"version": "0.10.0",
			"resolved": "http://localhost:4873/kaoscript/-/kaoscript-0.10.0.tgz",
			"integrity": "sha512-Oogc6z3PjviCLO9nzsp5tV8BJPqq9K8zVPXNPzjGE1gBpmef+gRMg78aZ2EFFOWDC/wmzysucVx7l9/UzuroSA==",
			"dev": true,
			"requires": {
				"@kaoscript/runtime": "^0.7.0",
				"commander": "^2.20.3"
			}
		}
	}
}
