{
	"name": "@kaoscript/ast",
	"version": "0.8.0",
	"lockfileVersion": 1,
	"requires": true,
	"dependencies": {
		"@kaoscript/runtime": {
			"version": "github:kaoscript/runtime#8c17948de7cfc91472e5ee5d2b3f7702928131bd",
			"from": "github:kaoscript/runtime",
			"dev": true
		},
		"commander": {
			"version": "2.20.1",
			"resolved": "https://registry.npmjs.org/commander/-/commander-2.20.1.tgz",
			"integrity": "sha512-cCuLsMhJeWQ/ZpsFTbE765kvVfoeSddc4nU3up4fV+fDBcfUXnbITJ+JzhkdjzOqhURjZgujxaioam4RM9yGUg==",
			"dev": true
		},
		"kaoscript": {
			"version": "github:kaoscript/kaoscript#b5264ef24901a15b2e2565de345aee0fb790efec",
			"from": "github:kaoscript/kaoscript",
			"dev": true,
			"requires": {
				"@kaoscript/runtime": "github:kaoscript/runtime",
				"commander": "^2.20.1"
			}
		}
	}
}
